
Microsoft Visual Studio Solution File, Format Version 12.00
# Visual Studio Version 16
VisualStudioVersion = 16.0.30309.148
MinimumVisualStudioVersion = 10.0.40219.1
Project("{FAE04EC0-301F-11D3-BF4B-00C04F79EFBC}") = "WeWriteTogether", "WeWriteTogether\WeWriteTogether.csproj", "{13304937-0AFC-467D-AEF6-57AB8C66B01C}"
EndProject
Global
	GlobalSection(SolutionConfigurationPlatforms) = preSolution
		Debug|Any CPU = Debug|Any CPU
		Release|Any CPU = Release|Any CPU
	EndGlobalSection
	GlobalSection(ProjectConfigurationPlatforms) = postSolution
		{13304937-0AFC-467D-AEF6-57AB8C66B01C}.Debug|Any CPU.ActiveCfg = Debug|Any CPU
		{13304937-0AFC-467D-AEF6-57AB8C66B01C}.Debug|Any CPU.Build.0 = Debug|Any CPU
		{13304937-0AFC-467D-AEF6-57AB8C66B01C}.Release|Any CPU.ActiveCfg = Release|Any CPU
		{13304937-0AFC-467D-AEF6-57AB8C66B01C}.Release|Any CPU.Build.0 = Release|Any CPU
	EndGlobalSection
	GlobalSection(SolutionProperties) = preSolution
		HideSolutionNode = FALSE
	EndGlobalSection
	GlobalSection(ExtensibilityGlobals) = postSolution
		SolutionGuid = {993012EE-F477-4814-A780-70B259B3A75A}
	EndGlobalSection
EndGlobal
